// !$*UTF8*$!
{
	archiveVersion = 1;
	classes = {
	};
	objectVersion = 51;
	objects = {

/* Begin PBXBuildFile section */
		35085EBB26709394009223E0 /* GoogleService-Info.plist in Resources */ = {isa = PBXBuildFile; fileRef = 35085EBA26709394009223E0 /* GoogleService-Info.plist */; };
		35085EBE267099EC009223E0 /* DatabaseManager.swift in Sources */ = {isa = PBXBuildFile; fileRef = 35085EBD267099EC009223E0 /* DatabaseManager.swift */; };
		35085EC026709BA5009223E0 /* AuthManager.swift in Sources */ = {isa = PBXBuildFile; fileRef = 35085EBF26709BA5009223E0 /* AuthManager.swift */; };
		35085EC226709C9B009223E0 /* StorageManager.swift in Sources */ = {isa = PBXBuildFile; fileRef = 35085EC126709C9B009223E0 /* StorageManager.swift */; };
		35177DE8266FB9BD0086E9BC /* AppDelegate.swift in Sources */ = {isa = PBXBuildFile; fileRef = 35177DE7266FB9BD0086E9BC /* AppDelegate.swift */; };
		35177DEA266FB9BD0086E9BC /* SceneDelegate.swift in Sources */ = {isa = PBXBuildFile; fileRef = 35177DE9266FB9BD0086E9BC /* SceneDelegate.swift */; };
		35177DEC266FB9BD0086E9BC /* HomeViewController.swift in Sources */ = {isa = PBXBuildFile; fileRef = 35177DEB266FB9BD0086E9BC /* HomeViewController.swift */; };
		35177DEF266FB9BD0086E9BC /* Main.storyboard in Resources */ = {isa = PBXBuildFile; fileRef = 35177DED266FB9BD0086E9BC /* Main.storyboard */; };
		35177DF1266FB9BE0086E9BC /* Assets.xcassets in Resources */ = {isa = PBXBuildFile; fileRef = 35177DF0266FB9BE0086E9BC /* Assets.xcassets */; };
		35177DF4266FB9BE0086E9BC /* LaunchScreen.storyboard in Resources */ = {isa = PBXBuildFile; fileRef = 35177DF2266FB9BE0086E9BC /* LaunchScreen.storyboard */; };
		35177E01266FBBDA0086E9BC /* ExploreViewController.swift in Sources */ = {isa = PBXBuildFile; fileRef = 35177E00266FBBDA0086E9BC /* ExploreViewController.swift */; };
		35177E03266FBBEA0086E9BC /* CameraViewController.swift in Sources */ = {isa = PBXBuildFile; fileRef = 35177E02266FBBEA0086E9BC /* CameraViewController.swift */; };
		35177E05266FBBFC0086E9BC /* NotificationsViewController.swift in Sources */ = {isa = PBXBuildFile; fileRef = 35177E04266FBBFC0086E9BC /* NotificationsViewController.swift */; };
		35177E07266FBC050086E9BC /* ProfileViewController.swift in Sources */ = {isa = PBXBuildFile; fileRef = 35177E06266FBC050086E9BC /* ProfileViewController.swift */; };
		35177E0C266FBC5E0086E9BC /* LoginViewController.swift in Sources */ = {isa = PBXBuildFile; fileRef = 35177E0B266FBC5E0086E9BC /* LoginViewController.swift */; };
		35177E0E266FBC700086E9BC /* RegistrationViewController.swift in Sources */ = {isa = PBXBuildFile; fileRef = 35177E0D266FBC700086E9BC /* RegistrationViewController.swift */; };
		35177E10266FBCA20086E9BC /* PostViewController.swift in Sources */ = {isa = PBXBuildFile; fileRef = 35177E0F266FBCA20086E9BC /* PostViewController.swift */; };
		35177E12266FBCB40086E9BC /* EditProfileViewController.swift in Sources */ = {isa = PBXBuildFile; fileRef = 35177E11266FBCB40086E9BC /* EditProfileViewController.swift */; };
		35177E14266FBCC00086E9BC /* SettingsViewController.swift in Sources */ = {isa = PBXBuildFile; fileRef = 35177E13266FBCC00086E9BC /* SettingsViewController.swift */; };
		35177E16266FBCCE0086E9BC /* ListViewController.swift in Sources */ = {isa = PBXBuildFile; fileRef = 35177E15266FBCCE0086E9BC /* ListViewController.swift */; };
		35177E18266FBCD90086E9BC /* SearchViewController.swift in Sources */ = {isa = PBXBuildFile; fileRef = 35177E17266FBCD90086E9BC /* SearchViewController.swift */; };
		35177E1A266FBCE70086E9BC /* SearchResultViewController.swift in Sources */ = {isa = PBXBuildFile; fileRef = 35177E19266FBCE70086E9BC /* SearchResultViewController.swift */; };
		35177E1C266FBD0F0086E9BC /* PostEditorViewController.swift in Sources */ = {isa = PBXBuildFile; fileRef = 35177E1B266FBD0F0086E9BC /* PostEditorViewController.swift */; };
		35177E1E266FBD1B0086E9BC /* PublishPostViewController.swift in Sources */ = {isa = PBXBuildFile; fileRef = 35177E1D266FBD1B0086E9BC /* PublishPostViewController.swift */; };
		9015C82B396E41E856BF880D /* Pods_Instagram.framework in Frameworks */ = {isa = PBXBuildFile; fileRef = B4C24AD4A01D1B8E2E0D1AE1 /* Pods_Instagram.framework */; };
/* End PBXBuildFile section */

/* Begin PBXFileReference section */
		1B699BEAA692E7C38CBB978A /* Pods-Instagram.debug.xcconfig */ = {isa = PBXFileReference; includeInIndex = 1; lastKnownFileType = text.xcconfig; name = "Pods-Instagram.debug.xcconfig"; path = "Target Support Files/Pods-Instagram/Pods-Instagram.debug.xcconfig"; sourceTree = "<group>"; };
		35085EBA26709394009223E0 /* GoogleService-Info.plist */ = {isa = PBXFileReference; fileEncoding = 4; lastKnownFileType = text.plist.xml; path = "GoogleService-Info.plist"; sourceTree = "<group>"; };
		35085EBD267099EC009223E0 /* DatabaseManager.swift */ = {isa = PBXFileReference; lastKnownFileType = sourcecode.swift; path = DatabaseManager.swift; sourceTree = "<group>"; };
		35085EBF26709BA5009223E0 /* AuthManager.swift */ = {isa = PBXFileReference; lastKnownFileType = sourcecode.swift; path = AuthManager.swift; sourceTree = "<group>"; };
		35085EC126709C9B009223E0 /* StorageManager.swift */ = {isa = PBXFileReference; lastKnownFileType = sourcecode.swift; path = StorageManager.swift; sourceTree = "<group>"; };
		35177DE4266FB9BD0086E9BC /* Instagram.app */ = {isa = PBXFileReference; explicitFileType = wrapper.application; includeInIndex = 0; path = Instagram.app; sourceTree = BUILT_PRODUCTS_DIR; };
		35177DE7266FB9BD0086E9BC /* AppDelegate.swift */ = {isa = PBXFileReference; lastKnownFileType = sourcecode.swift; path = AppDelegate.swift; sourceTree = "<group>"; };
		35177DE9266FB9BD0086E9BC /* SceneDelegate.swift */ = {isa = PBXFileReference; lastKnownFileType = sourcecode.swift; path = SceneDelegate.swift; sourceTree = "<group>"; };
		35177DEB266FB9BD0086E9BC /* HomeViewController.swift */ = {isa = PBXFileReference; lastKnownFileType = sourcecode.swift; path = HomeViewController.swift; sourceTree = "<group>"; };
		35177DEE266FB9BD0086E9BC /* Base */ = {isa = PBXFileReference; lastKnownFileType = file.storyboard; name = Base; path = Base.lproj/Main.storyboard; sourceTree = "<group>"; };
		35177DF0266FB9BE0086E9BC /* Assets.xcassets */ = {isa = PBXFileReference; lastKnownFileType = folder.assetcatalog; path = Assets.xcassets; sourceTree = "<group>"; };
		35177DF3266FB9BE0086E9BC /* Base */ = {isa = PBXFileReference; lastKnownFileType = file.storyboard; name = Base; path = Base.lproj/LaunchScreen.storyboard; sourceTree = "<group>"; };
		35177DF5266FB9BE0086E9BC /* Info.plist */ = {isa = PBXFileReference; lastKnownFileType = text.plist.xml; path = Info.plist; sourceTree = "<group>"; };
		35177E00266FBBDA0086E9BC /* ExploreViewController.swift */ = {isa = PBXFileReference; lastKnownFileType = sourcecode.swift; path = ExploreViewController.swift; sourceTree = "<group>"; };
		35177E02266FBBEA0086E9BC /* CameraViewController.swift */ = {isa = PBXFileReference; lastKnownFileType = sourcecode.swift; path = CameraViewController.swift; sourceTree = "<group>"; };
		35177E04266FBBFC0086E9BC /* NotificationsViewController.swift */ = {isa = PBXFileReference; lastKnownFileType = sourcecode.swift; path = NotificationsViewController.swift; sourceTree = "<group>"; };
		35177E06266FBC050086E9BC /* ProfileViewController.swift */ = {isa = PBXFileReference; lastKnownFileType = sourcecode.swift; path = ProfileViewController.swift; sourceTree = "<group>"; };
		35177E0B266FBC5E0086E9BC /* LoginViewController.swift */ = {isa = PBXFileReference; lastKnownFileType = sourcecode.swift; path = LoginViewController.swift; sourceTree = "<group>"; };
		35177E0D266FBC700086E9BC /* RegistrationViewController.swift */ = {isa = PBXFileReference; lastKnownFileType = sourcecode.swift; path = RegistrationViewController.swift; sourceTree = "<group>"; };
		35177E0F266FBCA20086E9BC /* PostViewController.swift */ = {isa = PBXFileReference; lastKnownFileType = sourcecode.swift; path = PostViewController.swift; sourceTree = "<group>"; };
		35177E11266FBCB40086E9BC /* EditProfileViewController.swift */ = {isa = PBXFileReference; lastKnownFileType = sourcecode.swift; path = EditProfileViewController.swift; sourceTree = "<group>"; };
		35177E13266FBCC00086E9BC /* SettingsViewController.swift */ = {isa = PBXFileReference; lastKnownFileType = sourcecode.swift; path = SettingsViewController.swift; sourceTree = "<group>"; };
		35177E15266FBCCE0086E9BC /* ListViewController.swift */ = {isa = PBXFileReference; lastKnownFileType = sourcecode.swift; path = ListViewController.swift; sourceTree = "<group>"; };
		35177E17266FBCD90086E9BC /* SearchViewController.swift */ = {isa = PBXFileReference; lastKnownFileType = sourcecode.swift; path = SearchViewController.swift; sourceTree = "<group>"; };
		35177E19266FBCE70086E9BC /* SearchResultViewController.swift */ = {isa = PBXFileReference; lastKnownFileType = sourcecode.swift; path = SearchResultViewController.swift; sourceTree = "<group>"; };
		35177E1B266FBD0F0086E9BC /* PostEditorViewController.swift */ = {isa = PBXFileReference; lastKnownFileType = sourcecode.swift; path = PostEditorViewController.swift; sourceTree = "<group>"; };
		35177E1D266FBD1B0086E9BC /* PublishPostViewController.swift */ = {isa = PBXFileReference; lastKnownFileType = sourcecode.swift; path = PublishPostViewController.swift; sourceTree = "<group>"; };
		B4C24AD4A01D1B8E2E0D1AE1 /* Pods_Instagram.framework */ = {isa = PBXFileReference; explicitFileType = wrapper.framework; includeInIndex = 0; path = Pods_Instagram.framework; sourceTree = BUILT_PRODUCTS_DIR; };
		C42C1C58E8D196F6B4E54235 /* Pods-Instagram.release.xcconfig */ = {isa = PBXFileReference; includeInIndex = 1; lastKnownFileType = text.xcconfig; name = "Pods-Instagram.release.xcconfig"; path = "Target Support Files/Pods-Instagram/Pods-Instagram.release.xcconfig"; sourceTree = "<group>"; };
/* End PBXFileReference section */

/* Begin PBXFrameworksBuildPhase section */
		35177DE1266FB9BD0086E9BC /* Frameworks */ = {
			isa = PBXFrameworksBuildPhase;
			buildActionMask = 2147483647;
			files = (
				9015C82B396E41E856BF880D /* Pods_Instagram.framework in Frameworks */,
			);
			runOnlyForDeploymentPostprocessing = 0;
		};
/* End PBXFrameworksBuildPhase section */

/* Begin PBXGroup section */
		2DF2CD493596B0CFC5E8524B /* Frameworks */ = {
			isa = PBXGroup;
			children = (
				B4C24AD4A01D1B8E2E0D1AE1 /* Pods_Instagram.framework */,
			);
			name = Frameworks;
			sourceTree = "<group>";
		};
		35085EBC2670995E009223E0 /* General */ = {
			isa = PBXGroup;
			children = (
				35177E0F266FBCA20086E9BC /* PostViewController.swift */,
				35177E11266FBCB40086E9BC /* EditProfileViewController.swift */,
				35177E13266FBCC00086E9BC /* SettingsViewController.swift */,
				35177E15266FBCCE0086E9BC /* ListViewController.swift */,
				35177E17266FBCD90086E9BC /* SearchViewController.swift */,
				35177E19266FBCE70086E9BC /* SearchResultViewController.swift */,
				35177E1B266FBD0F0086E9BC /* PostEditorViewController.swift */,
				35177E1D266FBD1B0086E9BC /* PublishPostViewController.swift */,
			);
			path = General;
			sourceTree = "<group>";
		};
		35177DDB266FB9BD0086E9BC = {
			isa = PBXGroup;
			children = (
				35177DE6266FB9BD0086E9BC /* Instagram */,
				35177DE5266FB9BD0086E9BC /* Products */,
				3FB3A8ABD383AB2AB1513DAE /* Pods */,
				2DF2CD493596B0CFC5E8524B /* Frameworks */,
			);
			sourceTree = "<group>";
		};
		35177DE5266FB9BD0086E9BC /* Products */ = {
			isa = PBXGroup;
			children = (
				35177DE4266FB9BD0086E9BC /* Instagram.app */,
			);
			name = Products;
			sourceTree = "<group>";
		};
		35177DE6266FB9BD0086E9BC /* Instagram */ = {
			isa = PBXGroup;
			children = (
				35177DFE266FBB200086E9BC /* Resources */,
				35177DFD266FBB1C0086E9BC /* Models */,
				35177DFC266FBB170086E9BC /* Views */,
				35177DFB266FBB0F0086E9BC /* Controllers */,
				35177DF5266FB9BE0086E9BC /* Info.plist */,
			);
			path = Instagram;
			sourceTree = "<group>";
		};
		35177DFB266FBB0F0086E9BC /* Controllers */ = {
			isa = PBXGroup;
			children = (
				35177E09266FBC3B0086E9BC /* Other */,
				35177E08266FBC100086E9BC /* Core Tabs */,
			);
			path = Controllers;
			sourceTree = "<group>";
		};
		35177DFC266FBB170086E9BC /* Views */ = {
			isa = PBXGroup;
			children = (
				35177DFF266FBB630086E9BC /* Storyboards */,
				35177DF0266FB9BE0086E9BC /* Assets.xcassets */,
			);
			path = Views;
			sourceTree = "<group>";
		};
		35177DFD266FBB1C0086E9BC /* Models */ = {
			isa = PBXGroup;
			children = (
			);
			path = Models;
			sourceTree = "<group>";
		};
		35177DFE266FBB200086E9BC /* Resources */ = {
			isa = PBXGroup;
			children = (
				35085EBA26709394009223E0 /* GoogleService-Info.plist */,
				35177DE7266FB9BD0086E9BC /* AppDelegate.swift */,
				35177DE9266FB9BD0086E9BC /* SceneDelegate.swift */,
				35085EC126709C9B009223E0 /* StorageManager.swift */,
				35085EBD267099EC009223E0 /* DatabaseManager.swift */,
				35085EBF26709BA5009223E0 /* AuthManager.swift */,
			);
			path = Resources;
			sourceTree = "<group>";
		};
		35177DFF266FBB630086E9BC /* Storyboards */ = {
			isa = PBXGroup;
			children = (
				35177DED266FB9BD0086E9BC /* Main.storyboard */,
				35177DF2266FB9BE0086E9BC /* LaunchScreen.storyboard */,
			);
			path = Storyboards;
			sourceTree = "<group>";
		};
		35177E08266FBC100086E9BC /* Core Tabs */ = {
			isa = PBXGroup;
			children = (
				35177DEB266FB9BD0086E9BC /* HomeViewController.swift */,
				35177E00266FBBDA0086E9BC /* ExploreViewController.swift */,
				35177E02266FBBEA0086E9BC /* CameraViewController.swift */,
				35177E04266FBBFC0086E9BC /* NotificationsViewController.swift */,
				35177E06266FBC050086E9BC /* ProfileViewController.swift */,
			);
			path = "Core Tabs";
			sourceTree = "<group>";
		};
		35177E09266FBC3B0086E9BC /* Other */ = {
			isa = PBXGroup;
			children = (
				35177E0A266FBC470086E9BC /* Onboarding */,
				35085EBC2670995E009223E0 /* General */,
			);
			path = Other;
			sourceTree = "<group>";
		};
		35177E0A266FBC470086E9BC /* Onboarding */ = {
			isa = PBXGroup;
			children = (
				35177E0B266FBC5E0086E9BC /* LoginViewController.swift */,
				35177E0D266FBC700086E9BC /* RegistrationViewController.swift */,
			);
			path = Onboarding;
			sourceTree = "<group>";
		};
		3FB3A8ABD383AB2AB1513DAE /* Pods */ = {
			isa = PBXGroup;
			children = (
				1B699BEAA692E7C38CBB978A /* Pods-Instagram.debug.xcconfig */,
				C42C1C58E8D196F6B4E54235 /* Pods-Instagram.release.xcconfig */,
			);
			path = Pods;
			sourceTree = "<group>";
		};
/* End PBXGroup section */

/* Begin PBXNativeTarget section */
		35177DE3266FB9BD0086E9BC /* Instagram */ = {
			isa = PBXNativeTarget;
			buildConfigurationList = 35177DF8266FB9BE0086E9BC /* Build configuration list for PBXNativeTarget "Instagram" */;
			buildPhases = (
				BEE156EC68063BA9C7EE519F /* [CP] Check Pods Manifest.lock */,
				35177DE0266FB9BD0086E9BC /* Sources */,
				35177DE1266FB9BD0086E9BC /* Frameworks */,
				35177DE2266FB9BD0086E9BC /* Resources */,
				0EF46F855BDF717B74019944 /* [CP] Embed Pods Frameworks */,
			);
			buildRules = (
			);
			dependencies = (
			);
			name = Instagram;
			productName = Instagram;
			productReference = 35177DE4266FB9BD0086E9BC /* Instagram.app */;
			productType = "com.apple.product-type.application";
		};
/* End PBXNativeTarget section */

/* Begin PBXProject section */
		35177DDC266FB9BD0086E9BC /* Project object */ = {
			isa = PBXProject;
			attributes = {
				LastSwiftUpdateCheck = 1250;
				LastUpgradeCheck = 1250;
				TargetAttributes = {
					35177DE3266FB9BD0086E9BC = {
						CreatedOnToolsVersion = 12.5;
					};
				};
			};
			buildConfigurationList = 35177DDF266FB9BD0086E9BC /* Build configuration list for PBXProject "Instagram" */;
			compatibilityVersion = "Xcode 9.3";
			developmentRegion = en;
			hasScannedForEncodings = 0;
			knownRegions = (
				en,
				Base,
			);
			mainGroup = 35177DDB266FB9BD0086E9BC;
			productRefGroup = 35177DE5266FB9BD0086E9BC /* Products */;
			projectDirPath = "";
			projectRoot = "";
			targets = (
				35177DE3266FB9BD0086E9BC /* Instagram */,
			);
		};
/* End PBXProject section */

/* Begin PBXResourcesBuildPhase section */
		35177DE2266FB9BD0086E9BC /* Resources */ = {
			isa = PBXResourcesBuildPhase;
			buildActionMask = 2147483647;
			files = (
				35177DF4266FB9BE0086E9BC /* LaunchScreen.storyboard in Resources */,
				35085EBB26709394009223E0 /* GoogleService-Info.plist in Resources */,
				35177DF1266FB9BE0086E9BC /* Assets.xcassets in Resources */,
				35177DEF266FB9BD0086E9BC /* Main.storyboard in Resources */,
			);
			runOnlyForDeploymentPostprocessing = 0;
		};
/* End PBXResourcesBuildPhase section */

/* Begin PBXShellScriptBuildPhase section */
		0EF46F855BDF717B74019944 /* [CP] Embed Pods Frameworks */ = {
			isa = PBXShellScriptBuildPhase;
			buildActionMask = 2147483647;
			files = (
			);
			inputFileListPaths = (
				"${PODS_ROOT}/Target Support Files/Pods-Instagram/Pods-Instagram-frameworks-${CONFIGURATION}-input-files.xcfilelist",
			);
			name = "[CP] Embed Pods Frameworks";
			outputFileListPaths = (
				"${PODS_ROOT}/Target Support Files/Pods-Instagram/Pods-Instagram-frameworks-${CONFIGURATION}-output-files.xcfilelist",
			);
			runOnlyForDeploymentPostprocessing = 0;
			shellPath = /bin/sh;
			shellScript = "\"${PODS_ROOT}/Target Support Files/Pods-Instagram/Pods-Instagram-frameworks.sh\"\n";
			showEnvVarsInLog = 0;
		};
		BEE156EC68063BA9C7EE519F /* [CP] Check Pods Manifest.lock */ = {
			isa = PBXShellScriptBuildPhase;
			buildActionMask = 2147483647;
			files = (
			);
			inputFileListPaths = (
			);
			inputPaths = (
				"${PODS_PODFILE_DIR_PATH}/Podfile.lock",
				"${PODS_ROOT}/Manifest.lock",
			);
			name = "[CP] Check Pods Manifest.lock";
			outputFileListPaths = (
			);
			outputPaths = (
				"$(DERIVED_FILE_DIR)/Pods-Instagram-checkManifestLockResult.txt",
			);
			runOnlyForDeploymentPostprocessing = 0;
			shellPath = /bin/sh;
			shellScript = "diff \"${PODS_PODFILE_DIR_PATH}/Podfile.lock\" \"${PODS_ROOT}/Manifest.lock\" > /dev/null\nif [ $? != 0 ] ; then\n    # print error to STDERR\n    echo \"error: The sandbox is not in sync with the Podfile.lock. Run 'pod install' or update your CocoaPods installation.\" >&2\n    exit 1\nfi\n# This output is used by Xcode 'outputs' to avoid re-running this script phase.\necho \"SUCCESS\" > \"${SCRIPT_OUTPUT_FILE_0}\"\n";
			showEnvVarsInLog = 0;
		};
/* End PBXShellScriptBuildPhase section */

/* Begin PBXSourcesBuildPhase section */
		35177DE0266FB9BD0086E9BC /* Sources */ = {
			isa = PBXSourcesBuildPhase;
			buildActionMask = 2147483647;
			files = (
				35177E12266FBCB40086E9BC /* EditProfileViewController.swift in Sources */,
				35177E01266FBBDA0086E9BC /* ExploreViewController.swift in Sources */,
				35177E1E266FBD1B0086E9BC /* PublishPostViewController.swift in Sources */,
				35177E03266FBBEA0086E9BC /* CameraViewController.swift in Sources */,
				35177DEC266FB9BD0086E9BC /* HomeViewController.swift in Sources */,
				35177E0E266FBC700086E9BC /* RegistrationViewController.swift in Sources */,
				35177E1C266FBD0F0086E9BC /* PostEditorViewController.swift in Sources */,
				35085EC226709C9B009223E0 /* StorageManager.swift in Sources */,
				35177E10266FBCA20086E9BC /* PostViewController.swift in Sources */,
				35085EBE267099EC009223E0 /* DatabaseManager.swift in Sources */,
				35177E05266FBBFC0086E9BC /* NotificationsViewController.swift in Sources */,
				35177E1A266FBCE70086E9BC /* SearchResultViewController.swift in Sources */,
				35177E0C266FBC5E0086E9BC /* LoginViewController.swift in Sources */,
				35177E18266FBCD90086E9BC /* SearchViewController.swift in Sources */,
				35177E07266FBC050086E9BC /* ProfileViewController.swift in Sources */,
				35085EC026709BA5009223E0 /* AuthManager.swift in Sources */,
				35177DE8266FB9BD0086E9BC /* AppDelegate.swift in Sources */,
				35177DEA266FB9BD0086E9BC /* SceneDelegate.swift in Sources */,
				35177E16266FBCCE0086E9BC /* ListViewController.swift in Sources */,
				35177E14266FBCC00086E9BC /* SettingsViewController.swift in Sources */,
			);
			runOnlyForDeploymentPostprocessing = 0;
		};
/* End PBXSourcesBuildPhase section */

/* Begin PBXVariantGroup section */
		35177DED266FB9BD0086E9BC /* Main.storyboard */ = {
			isa = PBXVariantGroup;
			children = (
				35177DEE266FB9BD0086E9BC /* Base */,
			);
			name = Main.storyboard;
			sourceTree = "<group>";
		};
		35177DF2266FB9BE0086E9BC /* LaunchScreen.storyboard */ = {
			isa = PBXVariantGroup;
			children = (
				35177DF3266FB9BE0086E9BC /* Base */,
			);
			name = LaunchScreen.storyboard;
			sourceTree = "<group>";
		};
/* End PBXVariantGroup section */

/* Begin XCBuildConfiguration section */
		35177DF6266FB9BE0086E9BC /* Debug */ = {
			isa = XCBuildConfiguration;
			buildSettings = {
				ALWAYS_SEARCH_USER_PATHS = NO;
				CLANG_ANALYZER_NONNULL = YES;
				CLANG_ANALYZER_NUMBER_OBJECT_CONVERSION = YES_AGGRESSIVE;
				CLANG_CXX_LANGUAGE_STANDARD = "gnu++14";
				CLANG_CXX_LIBRARY = "libc++";
				CLANG_ENABLE_MODULES = YES;
				CLANG_ENABLE_OBJC_ARC = YES;
				CLANG_ENABLE_OBJC_WEAK = YES;
				CLANG_WARN_BLOCK_CAPTURE_AUTORELEASING = YES;
				CLANG_WARN_BOOL_CONVERSION = YES;
				CLANG_WARN_COMMA = YES;
				CLANG_WARN_CONSTANT_CONVERSION = YES;
				CLANG_WARN_DEPRECATED_OBJC_IMPLEMENTATIONS = YES;
				CLANG_WARN_DIRECT_OBJC_ISA_USAGE = YES_ERROR;
				CLANG_WARN_DOCUMENTATION_COMMENTS = YES;
				CLANG_WARN_EMPTY_BODY = YES;
				CLANG_WARN_ENUM_CONVERSION = YES;
				CLANG_WARN_INFINITE_RECURSION = YES;
				CLANG_WARN_INT_CONVERSION = YES;
				CLANG_WARN_NON_LITERAL_NULL_CONVERSION = YES;
				CLANG_WARN_OBJC_IMPLICIT_RETAIN_SELF = YES;
				CLANG_WARN_OBJC_LITERAL_CONVERSION = YES;
				CLANG_WARN_OBJC_ROOT_CLASS = YES_ERROR;
				CLANG_WARN_QUOTED_INCLUDE_IN_FRAMEWORK_HEADER = YES;
				CLANG_WARN_RANGE_LOOP_ANALYSIS = YES;
				CLANG_WARN_STRICT_PROTOTYPES = YES;
				CLANG_WARN_SUSPICIOUS_MOVE = YES;
				CLANG_WARN_UNGUARDED_AVAILABILITY = YES_AGGRESSIVE;
				CLANG_WARN_UNREACHABLE_CODE = YES;
				CLANG_WARN__DUPLICATE_METHOD_MATCH = YES;
				COPY_PHASE_STRIP = NO;
				DEBUG_INFORMATION_FORMAT = dwarf;
				ENABLE_STRICT_OBJC_MSGSEND = YES;
				ENABLE_TESTABILITY = YES;
				GCC_C_LANGUAGE_STANDARD = gnu11;
				GCC_DYNAMIC_NO_PIC = NO;
				GCC_NO_COMMON_BLOCKS = YES;
				GCC_OPTIMIZATION_LEVEL = 0;
				GCC_PREPROCESSOR_DEFINITIONS = (
					"DEBUG=1",
					"$(inherited)",
				);
				GCC_WARN_64_TO_32_BIT_CONVERSION = YES;
				GCC_WARN_ABOUT_RETURN_TYPE = YES_ERROR;
				GCC_WARN_UNDECLARED_SELECTOR = YES;
				GCC_WARN_UNINITIALIZED_AUTOS = YES_AGGRESSIVE;
				GCC_WARN_UNUSED_FUNCTION = YES;
				GCC_WARN_UNUSED_VARIABLE = YES;
				IPHONEOS_DEPLOYMENT_TARGET = 14.5;
				MTL_ENABLE_DEBUG_INFO = INCLUDE_SOURCE;
				MTL_FAST_MATH = YES;
				ONLY_ACTIVE_ARCH = YES;
				SDKROOT = iphoneos;
				SWIFT_ACTIVE_COMPILATION_CONDITIONS = DEBUG;
				SWIFT_OPTIMIZATION_LEVEL = "-Onone";
			};
			name = Debug;
		};
		35177DF7266FB9BE0086E9BC /* Release */ = {
			isa = XCBuildConfiguration;
			buildSettings = {
				ALWAYS_SEARCH_USER_PATHS = NO;
				CLANG_ANALYZER_NONNULL = YES;
				CLANG_ANALYZER_NUMBER_OBJECT_CONVERSION = YES_AGGRESSIVE;
				CLANG_CXX_LANGUAGE_STANDARD = "gnu++14";
				CLANG_CXX_LIBRARY = "libc++";
				CLANG_ENABLE_MODULES = YES;
				CLANG_ENABLE_OBJC_ARC = YES;
				CLANG_ENABLE_OBJC_WEAK = YES;
				CLANG_WARN_BLOCK_CAPTURE_AUTORELEASING = YES;
				CLANG_WARN_BOOL_CONVERSION = YES;
				CLANG_WARN_COMMA = YES;
				CLANG_WARN_CONSTANT_CONVERSION = YES;
				CLANG_WARN_DEPRECATED_OBJC_IMPLEMENTATIONS = YES;
				CLANG_WARN_DIRECT_OBJC_ISA_USAGE = YES_ERROR;
				CLANG_WARN_DOCUMENTATION_COMMENTS = YES;
				CLANG_WARN_EMPTY_BODY = YES;
				CLANG_WARN_ENUM_CONVERSION = YES;
				CLANG_WARN_INFINITE_RECURSION = YES;
				CLANG_WARN_INT_CONVERSION = YES;
				CLANG_WARN_NON_LITERAL_NULL_CONVERSION = YES;
				CLANG_WARN_OBJC_IMPLICIT_RETAIN_SELF = YES;
				CLANG_WARN_OBJC_LITERAL_CONVERSION = YES;
				CLANG_WARN_OBJC_ROOT_CLASS = YES_ERROR;
				CLANG_WARN_QUOTED_INCLUDE_IN_FRAMEWORK_HEADER = YES;
				CLANG_WARN_RANGE_LOOP_ANALYSIS = YES;
				CLANG_WARN_STRICT_PROTOTYPES = YES;
				CLANG_WARN_SUSPICIOUS_MOVE = YES;
				CLANG_WARN_UNGUARDED_AVAILABILITY = YES_AGGRESSIVE;
				CLANG_WARN_UNREACHABLE_CODE = YES;
				CLANG_WARN__DUPLICATE_METHOD_MATCH = YES;
				COPY_PHASE_STRIP = NO;
				DEBUG_INFORMATION_FORMAT = "dwarf-with-dsym";
				ENABLE_NS_ASSERTIONS = NO;
				ENABLE_STRICT_OBJC_MSGSEND = YES;
				GCC_C_LANGUAGE_STANDARD = gnu11;
				GCC_NO_COMMON_BLOCKS = YES;
				GCC_WARN_64_TO_32_BIT_CONVERSION = YES;
				GCC_WARN_ABOUT_RETURN_TYPE = YES_ERROR;
				GCC_WARN_UNDECLARED_SELECTOR = YES;
				GCC_WARN_UNINITIALIZED_AUTOS = YES_AGGRESSIVE;
				GCC_WARN_UNUSED_FUNCTION = YES;
				GCC_WARN_UNUSED_VARIABLE = YES;
				IPHONEOS_DEPLOYMENT_TARGET = 14.5;
				MTL_ENABLE_DEBUG_INFO = NO;
				MTL_FAST_MATH = YES;
				SDKROOT = iphoneos;
				SWIFT_COMPILATION_MODE = wholemodule;
				SWIFT_OPTIMIZATION_LEVEL = "-O";
				VALIDATE_PRODUCT = YES;
			};
			name = Release;
		};
		35177DF9266FB9BE0086E9BC /* Debug */ = {
			isa = XCBuildConfiguration;
			baseConfigurationReference = 1B699BEAA692E7C38CBB978A /* Pods-Instagram.debug.xcconfig */;
			buildSettings = {
				ASSETCATALOG_COMPILER_APPICON_NAME = AppIcon;
				ASSETCATALOG_COMPILER_GLOBAL_ACCENT_COLOR_NAME = AccentColor;
				CODE_SIGN_STYLE = Automatic;
				DEVELOPMENT_TEAM = LT5ZADXQMP;
				INFOPLIST_FILE = Instagram/Info.plist;
				IPHONEOS_DEPLOYMENT_TARGET = 13.0;
				LD_RUNPATH_SEARCH_PATHS = (
					"$(inherited)",
					"@executable_path/Frameworks",
				);
				PRODUCT_BUNDLE_IDENTIFIER = com.dwkang.Instagram;
				PRODUCT_NAME = "$(TARGET_NAME)";
				SWIFT_VERSION = 5.0;
				TARGETED_DEVICE_FAMILY = 1;
			};
			name = Debug;
		};
		35177DFA266FB9BE0086E9BC /* Release */ = {
			isa = XCBuildConfiguration;
			baseConfigurationReference = C42C1C58E8D196F6B4E54235 /* Pods-Instagram.release.xcconfig */;
			buildSettings = {
				ASSETCATALOG_COMPILER_APPICON_NAME = AppIcon;
				ASSETCATALOG_COMPILER_GLOBAL_ACCENT_COLOR_NAME = AccentColor;
				CODE_SIGN_STYLE = Automatic;
				DEVELOPMENT_TEAM = LT5ZADXQMP;
				INFOPLIST_FILE = Instagram/Info.plist;
				IPHONEOS_DEPLOYMENT_TARGET = 13.0;
				LD_RUNPATH_SEARCH_PATHS = (
					"$(inherited)",
					"@executable_path/Frameworks",
				);
				PRODUCT_BUNDLE_IDENTIFIER = com.dwkang.Instagram;
				PRODUCT_NAME = "$(TARGET_NAME)";
				SWIFT_VERSION = 5.0;
				TARGETED_DEVICE_FAMILY = 1;
			};
			name = Release;
		};
/* End XCBuildConfiguration section */

/* Begin XCConfigurationList section */
		35177DDF266FB9BD0086E9BC /* Build configuration list for PBXProject "Instagram" */ = {
			isa = XCConfigurationList;
			buildConfigurations = (
				35177DF6266FB9BE0086E9BC /* Debug */,
				35177DF7266FB9BE0086E9BC /* Release */,
			);
			defaultConfigurationIsVisible = 0;
			defaultConfigurationName = Release;
		};
		35177DF8266FB9BE0086E9BC /* Build configuration list for PBXNativeTarget "Instagram" */ = {
			isa = XCConfigurationList;
			buildConfigurations = (
				35177DF9266FB9BE0086E9BC /* Debug */,
				35177DFA266FB9BE0086E9BC /* Release */,
			);
			defaultConfigurationIsVisible = 0;
			defaultConfigurationName = Release;
		};
/* End XCConfigurationList section */
	};
	rootObject = 35177DDC266FB9BD0086E9BC /* Project object */;
}
